
Microsoft Visual Studio Solution File, Format Version 12.00
# Visual Studio Version 17
VisualStudioVersion = 17.5.002.0
MinimumVisualStudioVersion = 10.0.40219.1
Project("{9A19103F-16F7-4668-BE54-9A1E7A4F7556}") = "task1", "task1\task1.csproj", "{86E8ED1A-E9FC-4D65-AE43-BA362EB31904}"
EndProject
Project("{9A19103F-16F7-4668-BE54-9A1E7A4F7556}") = "task2", "task2\task2.csproj", "{E7C5F90C-27B6-491B-9006-7B329DF8BA49}"
EndProject
Project("{9A19103F-16F7-4668-BE54-9A1E7A4F7556}") = "task3", "task3\task3.csproj", "{7B1048CD-B38B-4648-9D4D-5491EA49C2F9}"
EndProject
Project("{9A19103F-16F7-4668-BE54-9A1E7A4F7556}") = "task4", "task4\task4.csproj", "{087057E9-BFCB-4192-87FB-C5A95243C57D}"
EndProject
Project("{9A19103F-16F7-4668-BE54-9A1E7A4F7556}") = "task5", "task5\task5.csproj", "{100BAA6D-8E7D-4CDD-BF6C-2F45EC7C1346}"
EndProject
Global
	GlobalSection(SolutionConfigurationPlatforms) = preSolution
		Debug|Any CPU = Debug|Any CPU
		Release|Any CPU = Release|Any CPU
	EndGlobalSection
	GlobalSection(ProjectConfigurationPlatforms) = postSolution
		{86E8ED1A-E9FC-4D65-AE43-BA362EB31904}.Debug|Any CPU.ActiveCfg = Debug|Any CPU
		{86E8ED1A-E9FC-4D65-AE43-BA362EB31904}.Debug|Any CPU.Build.0 = Debug|Any CPU
		{86E8ED1A-E9FC-4D65-AE43-BA362EB31904}.Release|Any CPU.ActiveCfg = Release|Any CPU
		{86E8ED1A-E9FC-4D65-AE43-BA362EB31904}.Release|Any CPU.Build.0 = Release|Any CPU
		{E7C5F90C-27B6-491B-9006-7B329DF8BA49}.Debug|Any CPU.ActiveCfg = Debug|Any CPU
		{E7C5F90C-27B6-491B-9006-7B329DF8BA49}.Debug|Any CPU.Build.0 = Debug|Any CPU
		{E7C5F90C-27B6-491B-9006-7B329DF8BA49}.Release|Any CPU.ActiveCfg = Release|Any CPU
		{E7C5F90C-27B6-491B-9006-7B329DF8BA49}.Release|Any CPU.Build.0 = Release|Any CPU
		{7B1048CD-B38B-4648-9D4D-5491EA49C2F9}.Debug|Any CPU.ActiveCfg = Debug|Any CPU
		{7B1048CD-B38B-4648-9D4D-5491EA49C2F9}.Debug|Any CPU.Build.0 = Debug|Any CPU
		{7B1048CD-B38B-4648-9D4D-5491EA49C2F9}.Release|Any CPU.ActiveCfg = Release|Any CPU
		{7B1048CD-B38B-4648-9D4D-5491EA49C2F9}.Release|Any CPU.Build.0 = Release|Any CPU
		{087057E9-BFCB-4192-87FB-C5A95243C57D}.Debug|Any CPU.ActiveCfg = Debug|Any CPU
		{087057E9-BFCB-4192-87FB-C5A95243C57D}.Debug|Any CPU.Build.0 = Debug|Any CPU
		{087057E9-BFCB-4192-87FB-C5A95243C57D}.Release|Any CPU.ActiveCfg = Release|Any CPU
		{087057E9-BFCB-4192-87FB-C5A95243C57D}.Release|Any CPU.Build.0 = Release|Any CPU
		{100BAA6D-8E7D-4CDD-BF6C-2F45EC7C1346}.Debug|Any CPU.ActiveCfg = Debug|Any CPU
		{100BAA6D-8E7D-4CDD-BF6C-2F45EC7C1346}.Debug|Any CPU.Build.0 = Debug|Any CPU
		{100BAA6D-8E7D-4CDD-BF6C-2F45EC7C1346}.Release|Any CPU.ActiveCfg = Release|Any CPU
		{100BAA6D-8E7D-4CDD-BF6C-2F45EC7C1346}.Release|Any CPU.Build.0 = Release|Any CPU
	EndGlobalSection
	GlobalSection(SolutionProperties) = preSolution
		HideSolutionNode = FALSE
	EndGlobalSection
	GlobalSection(ExtensibilityGlobals) = postSolution
		SolutionGuid = {60242A95-7ED1-49AE-95DA-872B7DDEA693}
	EndGlobalSection
EndGlobal
